
Microsoft Visual Studio Solution File, Format Version 12.00
# Visual Studio Version 16
VisualStudioVersion = 16.0.30114.105
MinimumVisualStudioVersion = 10.0.40219.1
Project("{FAE04EC0-301F-11D3-BF4B-00C04F79EFBC}") = "PokeModel", "PokeModel\PokeModel.csproj", "{F06A311C-216E-4669-B7EA-6DA6345D44D0}"
EndProject
Project("{FAE04EC0-301F-11D3-BF4B-00C04F79EFBC}") = "PokeUI", "PokeUI\PokeUI.csproj", "{A3889DC4-BF3C-49F0-B3DC-10CBDEAB630E}"
EndProject
Project("{FAE04EC0-301F-11D3-BF4B-00C04F79EFBC}") = "PokeDL", "PokeDL\PokeDL.csproj", "{809475E9-9459-448A-9BC9-AB1732D0827F}"
EndProject
Project("{FAE04EC0-301F-11D3-BF4B-00C04F79EFBC}") = "PokeBL", "PokeBL\PokeBL.csproj", "{9DA46AE8-6B38-4AA0-A7A5-78029B806062}"
EndProject
Global
	GlobalSection(SolutionConfigurationPlatforms) = preSolution
		Debug|Any CPU = Debug|Any CPU
		Release|Any CPU = Release|Any CPU
	EndGlobalSection
	GlobalSection(SolutionProperties) = preSolution
		HideSolutionNode = FALSE
	EndGlobalSection
	GlobalSection(ProjectConfigurationPlatforms) = postSolution
		{F06A311C-216E-4669-B7EA-6DA6345D44D0}.Debug|Any CPU.ActiveCfg = Debug|Any CPU
		{F06A311C-216E-4669-B7EA-6DA6345D44D0}.Debug|Any CPU.Build.0 = Debug|Any CPU
		{F06A311C-216E-4669-B7EA-6DA6345D44D0}.Release|Any CPU.ActiveCfg = Release|Any CPU
		{F06A311C-216E-4669-B7EA-6DA6345D44D0}.Release|Any CPU.Build.0 = Release|Any CPU
		{A3889DC4-BF3C-49F0-B3DC-10CBDEAB630E}.Debug|Any CPU.ActiveCfg = Debug|Any CPU
		{A3889DC4-BF3C-49F0-B3DC-10CBDEAB630E}.Debug|Any CPU.Build.0 = Debug|Any CPU
		{A3889DC4-BF3C-49F0-B3DC-10CBDEAB630E}.Release|Any CPU.ActiveCfg = Release|Any CPU
		{A3889DC4-BF3C-49F0-B3DC-10CBDEAB630E}.Release|Any CPU.Build.0 = Release|Any CPU
		{809475E9-9459-448A-9BC9-AB1732D0827F}.Debug|Any CPU.ActiveCfg = Debug|Any CPU
		{809475E9-9459-448A-9BC9-AB1732D0827F}.Debug|Any CPU.Build.0 = Debug|Any CPU
		{809475E9-9459-448A-9BC9-AB1732D0827F}.Release|Any CPU.ActiveCfg = Release|Any CPU
		{809475E9-9459-448A-9BC9-AB1732D0827F}.Release|Any CPU.Build.0 = Release|Any CPU
		{9DA46AE8-6B38-4AA0-A7A5-78029B806062}.Debug|Any CPU.ActiveCfg = Debug|Any CPU
		{9DA46AE8-6B38-4AA0-A7A5-78029B806062}.Debug|Any CPU.Build.0 = Debug|Any CPU
		{9DA46AE8-6B38-4AA0-A7A5-78029B806062}.Release|Any CPU.ActiveCfg = Release|Any CPU
		{9DA46AE8-6B38-4AA0-A7A5-78029B806062}.Release|Any CPU.Build.0 = Release|Any CPU
	EndGlobalSection
EndGlobal
