
Microsoft Visual Studio Solution File, Format Version 12.00
# Visual Studio Version 16
VisualStudioVersion = 16.0.30114.105
MinimumVisualStudioVersion = 10.0.40219.1
Project("{9A19103F-16F7-4668-BE54-9A1E7A4F7556}") = "RRBL", "RRBL\RRBL.csproj", "{B9877313-43EA-497A-8FF8-9B2D0B33D4D5}"
EndProject
Project("{9A19103F-16F7-4668-BE54-9A1E7A4F7556}") = "RRDL", "RRDL\RRDL.csproj", "{17ED0A8B-5EE8-4723-9114-BFC7439672E6}"
EndProject
Project("{9A19103F-16F7-4668-BE54-9A1E7A4F7556}") = "RRModels", "RRModels\RRModels.csproj", "{1AFB312F-CA7E-4EF1-B8B5-7C1696FB4987}"
EndProject
Project("{9A19103F-16F7-4668-BE54-9A1E7A4F7556}") = "RRTest", "RRTest\RRTest.csproj", "{276D2F07-02DE-41F6-8720-82422DF3F241}"
EndProject
Project("{FAE04EC0-301F-11D3-BF4B-00C04F79EFBC}") = "RRWebAPI", "RRWebAPI\RRWebAPI.csproj", "{E7DA0917-EC53-4BF9-82D3-71D73C4660C1}"
EndProject
Global
	GlobalSection(SolutionConfigurationPlatforms) = preSolution
		Debug|Any CPU = Debug|Any CPU
		Debug|x64 = Debug|x64
		Debug|x86 = Debug|x86
		Release|Any CPU = Release|Any CPU
		Release|x64 = Release|x64
		Release|x86 = Release|x86
	EndGlobalSection
	GlobalSection(ProjectConfigurationPlatforms) = postSolution
		{B9877313-43EA-497A-8FF8-9B2D0B33D4D5}.Debug|Any CPU.ActiveCfg = Debug|Any CPU
		{B9877313-43EA-497A-8FF8-9B2D0B33D4D5}.Debug|Any CPU.Build.0 = Debug|Any CPU
		{B9877313-43EA-497A-8FF8-9B2D0B33D4D5}.Debug|x64.ActiveCfg = Debug|Any CPU
		{B9877313-43EA-497A-8FF8-9B2D0B33D4D5}.Debug|x64.Build.0 = Debug|Any CPU
		{B9877313-43EA-497A-8FF8-9B2D0B33D4D5}.Debug|x86.ActiveCfg = Debug|Any CPU
		{B9877313-43EA-497A-8FF8-9B2D0B33D4D5}.Debug|x86.Build.0 = Debug|Any CPU
		{B9877313-43EA-497A-8FF8-9B2D0B33D4D5}.Release|Any CPU.ActiveCfg = Release|Any CPU
		{B9877313-43EA-497A-8FF8-9B2D0B33D4D5}.Release|Any CPU.Build.0 = Release|Any CPU
		{B9877313-43EA-497A-8FF8-9B2D0B33D4D5}.Release|x64.ActiveCfg = Release|Any CPU
		{B9877313-43EA-497A-8FF8-9B2D0B33D4D5}.Release|x64.Build.0 = Release|Any CPU
		{B9877313-43EA-497A-8FF8-9B2D0B33D4D5}.Release|x86.ActiveCfg = Release|Any CPU
		{B9877313-43EA-497A-8FF8-9B2D0B33D4D5}.Release|x86.Build.0 = Release|Any CPU
		{17ED0A8B-5EE8-4723-9114-BFC7439672E6}.Debug|Any CPU.ActiveCfg = Debug|Any CPU
		{17ED0A8B-5EE8-4723-9114-BFC7439672E6}.Debug|Any CPU.Build.0 = Debug|Any CPU
		{17ED0A8B-5EE8-4723-9114-BFC7439672E6}.Debug|x64.ActiveCfg = Debug|Any CPU
		{17ED0A8B-5EE8-4723-9114-BFC7439672E6}.Debug|x64.Build.0 = Debug|Any CPU
		{17ED0A8B-5EE8-4723-9114-BFC7439672E6}.Debug|x86.ActiveCfg = Debug|Any CPU
		{17ED0A8B-5EE8-4723-9114-BFC7439672E6}.Debug|x86.Build.0 = Debug|Any CPU
		{17ED0A8B-5EE8-4723-9114-BFC7439672E6}.Release|Any CPU.ActiveCfg = Release|Any CPU
		{17ED0A8B-5EE8-4723-9114-BFC7439672E6}.Release|Any CPU.Build.0 = Release|Any CPU
		{17ED0A8B-5EE8-4723-9114-BFC7439672E6}.Release|x64.ActiveCfg = Release|Any CPU
		{17ED0A8B-5EE8-4723-9114-BFC7439672E6}.Release|x64.Build.0 = Release|Any CPU
		{17ED0A8B-5EE8-4723-9114-BFC7439672E6}.Release|x86.ActiveCfg = Release|Any CPU
		{17ED0A8B-5EE8-4723-9114-BFC7439672E6}.Release|x86.Build.0 = Release|Any CPU
		{1AFB312F-CA7E-4EF1-B8B5-7C1696FB4987}.Debug|Any CPU.ActiveCfg = Debug|Any CPU
		{1AFB312F-CA7E-4EF1-B8B5-7C1696FB4987}.Debug|Any CPU.Build.0 = Debug|Any CPU
		{1AFB312F-CA7E-4EF1-B8B5-7C1696FB4987}.Debug|x64.ActiveCfg = Debug|Any CPU
		{1AFB312F-CA7E-4EF1-B8B5-7C1696FB4987}.Debug|x64.Build.0 = Debug|Any CPU
		{1AFB312F-CA7E-4EF1-B8B5-7C1696FB4987}.Debug|x86.ActiveCfg = Debug|Any CPU
		{1AFB312F-CA7E-4EF1-B8B5-7C1696FB4987}.Debug|x86.Build.0 = Debug|Any CPU
		{1AFB312F-CA7E-4EF1-B8B5-7C1696FB4987}.Release|Any CPU.ActiveCfg = Release|Any CPU
		{1AFB312F-CA7E-4EF1-B8B5-7C1696FB4987}.Release|Any CPU.Build.0 = Release|Any CPU
		{1AFB312F-CA7E-4EF1-B8B5-7C1696FB4987}.Release|x64.ActiveCfg = Release|Any CPU
		{1AFB312F-CA7E-4EF1-B8B5-7C1696FB4987}.Release|x64.Build.0 = Release|Any CPU
		{1AFB312F-CA7E-4EF1-B8B5-7C1696FB4987}.Release|x86.ActiveCfg = Release|Any CPU
		{1AFB312F-CA7E-4EF1-B8B5-7C1696FB4987}.Release|x86.Build.0 = Release|Any CPU
		{276D2F07-02DE-41F6-8720-82422DF3F241}.Debug|Any CPU.ActiveCfg = Debug|Any CPU
		{276D2F07-02DE-41F6-8720-82422DF3F241}.Debug|Any CPU.Build.0 = Debug|Any CPU
		{276D2F07-02DE-41F6-8720-82422DF3F241}.Debug|x64.ActiveCfg = Debug|Any CPU
		{276D2F07-02DE-41F6-8720-82422DF3F241}.Debug|x64.Build.0 = Debug|Any CPU
		{276D2F07-02DE-41F6-8720-82422DF3F241}.Debug|x86.ActiveCfg = Debug|Any CPU
		{276D2F07-02DE-41F6-8720-82422DF3F241}.Debug|x86.Build.0 = Debug|Any CPU
		{276D2F07-02DE-41F6-8720-82422DF3F241}.Release|Any CPU.ActiveCfg = Release|Any CPU
		{276D2F07-02DE-41F6-8720-82422DF3F241}.Release|Any CPU.Build.0 = Release|Any CPU
		{276D2F07-02DE-41F6-8720-82422DF3F241}.Release|x64.ActiveCfg = Release|Any CPU
		{276D2F07-02DE-41F6-8720-82422DF3F241}.Release|x64.Build.0 = Release|Any CPU
		{276D2F07-02DE-41F6-8720-82422DF3F241}.Release|x86.ActiveCfg = Release|Any CPU
		{276D2F07-02DE-41F6-8720-82422DF3F241}.Release|x86.Build.0 = Release|Any CPU
		{E7DA0917-EC53-4BF9-82D3-71D73C4660C1}.Debug|Any CPU.ActiveCfg = Debug|Any CPU
		{E7DA0917-EC53-4BF9-82D3-71D73C4660C1}.Debug|Any CPU.Build.0 = Debug|Any CPU
		{E7DA0917-EC53-4BF9-82D3-71D73C4660C1}.Debug|x64.ActiveCfg = Debug|Any CPU
		{E7DA0917-EC53-4BF9-82D3-71D73C4660C1}.Debug|x64.Build.0 = Debug|Any CPU
		{E7DA0917-EC53-4BF9-82D3-71D73C4660C1}.Debug|x86.ActiveCfg = Debug|Any CPU
		{E7DA0917-EC53-4BF9-82D3-71D73C4660C1}.Debug|x86.Build.0 = Debug|Any CPU
		{E7DA0917-EC53-4BF9-82D3-71D73C4660C1}.Release|Any CPU.ActiveCfg = Release|Any CPU
		{E7DA0917-EC53-4BF9-82D3-71D73C4660C1}.Release|Any CPU.Build.0 = Release|Any CPU
		{E7DA0917-EC53-4BF9-82D3-71D73C4660C1}.Release|x64.ActiveCfg = Release|Any CPU
		{E7DA0917-EC53-4BF9-82D3-71D73C4660C1}.Release|x64.Build.0 = Release|Any CPU
		{E7DA0917-EC53-4BF9-82D3-71D73C4660C1}.Release|x86.ActiveCfg = Release|Any CPU
		{E7DA0917-EC53-4BF9-82D3-71D73C4660C1}.Release|x86.Build.0 = Release|Any CPU
	EndGlobalSection
	GlobalSection(SolutionProperties) = preSolution
		HideSolutionNode = FALSE
	EndGlobalSection
	GlobalSection(ExtensibilityGlobals) = postSolution
		SolutionGuid = {D0744AFF-07D0-47F8-A5D6-DD5498B9082C}
	EndGlobalSection
EndGlobal
