
Microsoft Visual Studio Solution File, Format Version 12.00
# Visual Studio Version 16
VisualStudioVersion = 16.0.30114.105
MinimumVisualStudioVersion = 10.0.40219.1
Project("{FAE04EC0-301F-11D3-BF4B-00C04F79EFBC}") = "PokeModel", "PokeModel\PokeModel.csproj", "{F06A311C-216E-4669-B7EA-6DA6345D44D0}"
EndProject
Project("{FAE04EC0-301F-11D3-BF4B-00C04F79EFBC}") = "PokeUI", "PokeUI\PokeUI.csproj", "{A3889DC4-BF3C-49F0-B3DC-10CBDEAB630E}"
EndProject
Project("{FAE04EC0-301F-11D3-BF4B-00C04F79EFBC}") = "PokeDL", "PokeDL\PokeDL.csproj", "{ADCB56D9-2745-4D3D-AB9E-48660898E17F}"
EndProject
Project("{FAE04EC0-301F-11D3-BF4B-00C04F79EFBC}") = "PokeBL", "PokeBL\PokeBL.csproj", "{AD57F272-E8FF-49A9-BC59-D84A4F2F45F5}"
EndProject
Project("{FAE04EC0-301F-11D3-BF4B-00C04F79EFBC}") = "PokeTest", "PokeTest\PokeTest.csproj", "{4F4CFAEE-D281-452C-96E8-E18CC72FFFD3}"
EndProject
Project("{FAE04EC0-301F-11D3-BF4B-00C04F79EFBC}") = "PokeApi", "PokeApi\PokeApi.csproj", "{0CEA77A6-B4ED-4906-ACC6-2A59311E92E1}"
EndProject
Global
	GlobalSection(SolutionConfigurationPlatforms) = preSolution
		Debug|Any CPU = Debug|Any CPU
		Release|Any CPU = Release|Any CPU
	EndGlobalSection
	GlobalSection(SolutionProperties) = preSolution
		HideSolutionNode = FALSE
	EndGlobalSection
	GlobalSection(ProjectConfigurationPlatforms) = postSolution
		{F06A311C-216E-4669-B7EA-6DA6345D44D0}.Debug|Any CPU.ActiveCfg = Debug|Any CPU
		{F06A311C-216E-4669-B7EA-6DA6345D44D0}.Debug|Any CPU.Build.0 = Debug|Any CPU
		{F06A311C-216E-4669-B7EA-6DA6345D44D0}.Release|Any CPU.ActiveCfg = Release|Any CPU
		{F06A311C-216E-4669-B7EA-6DA6345D44D0}.Release|Any CPU.Build.0 = Release|Any CPU
		{A3889DC4-BF3C-49F0-B3DC-10CBDEAB630E}.Debug|Any CPU.ActiveCfg = Debug|Any CPU
		{A3889DC4-BF3C-49F0-B3DC-10CBDEAB630E}.Debug|Any CPU.Build.0 = Debug|Any CPU
		{A3889DC4-BF3C-49F0-B3DC-10CBDEAB630E}.Release|Any CPU.ActiveCfg = Release|Any CPU
		{A3889DC4-BF3C-49F0-B3DC-10CBDEAB630E}.Release|Any CPU.Build.0 = Release|Any CPU
		{ADCB56D9-2745-4D3D-AB9E-48660898E17F}.Debug|Any CPU.ActiveCfg = Debug|Any CPU
		{ADCB56D9-2745-4D3D-AB9E-48660898E17F}.Debug|Any CPU.Build.0 = Debug|Any CPU
		{ADCB56D9-2745-4D3D-AB9E-48660898E17F}.Release|Any CPU.ActiveCfg = Release|Any CPU
		{ADCB56D9-2745-4D3D-AB9E-48660898E17F}.Release|Any CPU.Build.0 = Release|Any CPU
		{AD57F272-E8FF-49A9-BC59-D84A4F2F45F5}.Debug|Any CPU.ActiveCfg = Debug|Any CPU
		{AD57F272-E8FF-49A9-BC59-D84A4F2F45F5}.Debug|Any CPU.Build.0 = Debug|Any CPU
		{AD57F272-E8FF-49A9-BC59-D84A4F2F45F5}.Release|Any CPU.ActiveCfg = Release|Any CPU
		{AD57F272-E8FF-49A9-BC59-D84A4F2F45F5}.Release|Any CPU.Build.0 = Release|Any CPU
		{D3EBA1F8-3CAA-44B5-A717-4E18847AAB2B}.Debug|Any CPU.ActiveCfg = Debug|Any CPU
		{D3EBA1F8-3CAA-44B5-A717-4E18847AAB2B}.Debug|Any CPU.Build.0 = Debug|Any CPU
		{D3EBA1F8-3CAA-44B5-A717-4E18847AAB2B}.Release|Any CPU.ActiveCfg = Release|Any CPU
		{D3EBA1F8-3CAA-44B5-A717-4E18847AAB2B}.Release|Any CPU.Build.0 = Release|Any CPU
		{4F4CFAEE-D281-452C-96E8-E18CC72FFFD3}.Debug|Any CPU.ActiveCfg = Debug|Any CPU
		{4F4CFAEE-D281-452C-96E8-E18CC72FFFD3}.Debug|Any CPU.Build.0 = Debug|Any CPU
		{4F4CFAEE-D281-452C-96E8-E18CC72FFFD3}.Release|Any CPU.ActiveCfg = Release|Any CPU
		{4F4CFAEE-D281-452C-96E8-E18CC72FFFD3}.Release|Any CPU.Build.0 = Release|Any CPU
		{0CEA77A6-B4ED-4906-ACC6-2A59311E92E1}.Debug|Any CPU.ActiveCfg = Debug|Any CPU
		{0CEA77A6-B4ED-4906-ACC6-2A59311E92E1}.Debug|Any CPU.Build.0 = Debug|Any CPU
		{0CEA77A6-B4ED-4906-ACC6-2A59311E92E1}.Release|Any CPU.ActiveCfg = Release|Any CPU
		{0CEA77A6-B4ED-4906-ACC6-2A59311E92E1}.Release|Any CPU.Build.0 = Release|Any CPU
	EndGlobalSection
EndGlobal
